
Microsoft Visual Studio Solution File, Format Version 12.00
# Visual Studio Version 17
VisualStudioVersion = 17.10.34928.147
MinimumVisualStudioVersion = 10.0.40219.1
Project("{FAE04EC0-301F-11D3-BF4B-00C04F79EFBC}") = "UExtensionLibrary", "UExtensionLibrary.csproj", "{05913B4B-20D4-4C7D-9857-F116930D08FF}"
EndProject
Project("{FAE04EC0-301F-11D3-BF4B-00C04F79EFBC}") = "UExtentions.Tests", "..\UExtentions.Tests\UExtentions.Tests.csproj", "{5EA8648E-54DD-4456-BD6E-8CE6DEC25336}"
EndProject
Global
	GlobalSection(SolutionConfigurationPlatforms) = preSolution
		Debug|Any CPU = Debug|Any CPU
		Release|Any CPU = Release|Any CPU
	EndGlobalSection
	GlobalSection(ProjectConfigurationPlatforms) = postSolution
		{05913B4B-20D4-4C7D-9857-F116930D08FF}.Debug|Any CPU.ActiveCfg = Debug|Any CPU
		{05913B4B-20D4-4C7D-9857-F116930D08FF}.Debug|Any CPU.Build.0 = Debug|Any CPU
		{05913B4B-20D4-4C7D-9857-F116930D08FF}.Release|Any CPU.ActiveCfg = Release|Any CPU
		{05913B4B-20D4-4C7D-9857-F116930D08FF}.Release|Any CPU.Build.0 = Release|Any CPU
		{5EA8648E-54DD-4456-BD6E-8CE6DEC25336}.Debug|Any CPU.ActiveCfg = Debug|Any CPU
		{5EA8648E-54DD-4456-BD6E-8CE6DEC25336}.Debug|Any CPU.Build.0 = Debug|Any CPU
		{5EA8648E-54DD-4456-BD6E-8CE6DEC25336}.Release|Any CPU.ActiveCfg = Release|Any CPU
		{5EA8648E-54DD-4456-BD6E-8CE6DEC25336}.Release|Any CPU.Build.0 = Release|Any CPU
	EndGlobalSection
	GlobalSection(SolutionProperties) = preSolution
		HideSolutionNode = FALSE
	EndGlobalSection
	GlobalSection(ExtensibilityGlobals) = postSolution
		SolutionGuid = {395C95AD-4E4F-49FC-A7FA-9DFC0BA2C70E}
	EndGlobalSection
EndGlobal
